
Microsoft Visual Studio Solution File, Format Version 12.00
# Visual Studio Version 16
VisualStudioVersion = 16.0.30711.63
MinimumVisualStudioVersion = 10.0.40219.1
Project("{FAE04EC0-301F-11D3-BF4B-00C04F79EFBC}") = "ConsoleConsumeContainer", "ConsoleConsumeContainer\ConsoleConsumeContainer.csproj", "{D1CD0713-284B-45D4-ABBF-96E61E4CF560}"
EndProject
Global
	GlobalSection(SolutionConfigurationPlatforms) = preSolution
		Debug|Any CPU = Debug|Any CPU
		Release|Any CPU = Release|Any CPU
	EndGlobalSection
	GlobalSection(ProjectConfigurationPlatforms) = postSolution
		{D1CD0713-284B-45D4-ABBF-96E61E4CF560}.Debug|Any CPU.ActiveCfg = Debug|Any CPU
		{D1CD0713-284B-45D4-ABBF-96E61E4CF560}.Debug|Any CPU.Build.0 = Debug|Any CPU
		{D1CD0713-284B-45D4-ABBF-96E61E4CF560}.Release|Any CPU.ActiveCfg = Release|Any CPU
		{D1CD0713-284B-45D4-ABBF-96E61E4CF560}.Release|Any CPU.Build.0 = Release|Any CPU
	EndGlobalSection
	GlobalSection(SolutionProperties) = preSolution
		HideSolutionNode = FALSE
	EndGlobalSection
	GlobalSection(ExtensibilityGlobals) = postSolution
		SolutionGuid = {CB37523F-FF73-4B56-AEA2-F44323C65971}
	EndGlobalSection
EndGlobal
